{
	"name": "@yeutech/ra-data-json-server",
	"version": "2.0.0-RC2-yeutech.2",
	"lockfileVersion": 1,
	"requires": true,
	"dependencies": {
		"@babel/runtime": {
			"version": "7.2.0",
			"resolved": "https://registry.npmjs.org/@babel/runtime/-/runtime-7.2.0.tgz",
			"integrity": "sha512-oouEibCbHMVdZSDlJBO6bZmID/zA/G/Qx3H1d3rSNPTD+L8UNKvCat7aKWSJ74zYbm5zWGh0GQN0hKj8zYFTCg==",
			"requires": {
				"regenerator-runtime": "^0.12.0"
			},
			"dependencies": {
				"regenerator-runtime": {
					"version": "0.12.1",
					"resolved": "https://registry.npmjs.org/regenerator-runtime/-/regenerator-runtime-0.12.1.tgz",
					"integrity": "sha512-odxIc1/vDlo4iZcfXqRYFj0vpXFNoGdKMAUieAlFYO6m/nl5e9KR/beGf41z4a1FI+aQgtjhuaSlDxQ0hmkrHg=="
				}
			}
		},
		"@material-ui/icons": {
			"version": "1.0.0-beta.42",
			"resolved": "http://registry.npmjs.org/@material-ui/icons/-/icons-1.0.0-beta.42.tgz",
			"integrity": "sha512-p9rhiUDfE5iX2ISg9bYOovaxBSgsaNxgMqvUWrvrmEe2dJNwqO7OLmvjAG8DYXLo74/7QceyHAHGyd7HD45odA==",
			"requires": {
				"recompose": "^0.26.0"
			}
		},
		"@types/jss": {
			"version": "9.5.7",
			"resolved": "https://registry.npmjs.org/@types/jss/-/jss-9.5.7.tgz",
			"integrity": "sha512-OZimStu2QdDMtZ0h72JXqvLVbWUjXd5ZLk8vxLmfuC/nM1AabRyyGoxSufnzixrbpEcVcyy/JV5qeQu2JnjVZw==",
			"requires": {
				"csstype": "^2.0.0",
				"indefinite-observable": "^1.0.1"
			}
		},
		"@types/prop-types": {
			"version": "15.5.8",
			"resolved": "https://registry.npmjs.org/@types/prop-types/-/prop-types-15.5.8.tgz",
			"integrity": "sha512-3AQoUxQcQtLHsK25wtTWIoIpgYjH3vSDroZOUr7PpCHw/jLY1RB9z9E8dBT/OSmwStVgkRNvdh+ZHNiomRieaw=="
		},
		"@types/react": {
			"version": "16.7.17",
			"resolved": "https://registry.npmjs.org/@types/react/-/react-16.7.17.tgz",
			"integrity": "sha512-YcXcaoXaxo7A76mBCGlKlN2aZu3REQfF0DTrhiyXVJLA7PDdxVCr+wiQOrkVNn44D/zLlIyDSn3U918Ve0AaEA==",
			"requires": {
				"@types/prop-types": "*",
				"csstype": "^2.2.0"
			}
		},
		"@types/react-transition-group": {
			"version": "2.0.14",
			"resolved": "https://registry.npmjs.org/@types/react-transition-group/-/react-transition-group-2.0.14.tgz",
			"integrity": "sha512-pa7qB0/mkhwWMBFoXhX8BcntK8G4eQl4sIfSrJCxnivTYRQWjOWf2ClR9bWdm0EUFBDHzMbKYS+QYfDtBzkY4w==",
			"requires": {
				"@types/react": "*"
			}
		},
		"@yeutech/ra-core": {
			"version": "2.0.0-RC2-yeutech.2",
			"resolved": "https://registry.npmjs.org/@yeutech/ra-core/-/ra-core-2.0.0-RC2-yeutech.2.tgz",
			"integrity": "sha512-AQs4xve4xuTg3ssme+8E21u5O5ou2qemOmYNVU+7OCchU5AE0L2kHfzIIxsjrluOYtcT+l2zfpJygTBVUHAISQ==",
			"requires": {
				"@yeutech/ra-language-intl": "^2.0.0-RC2-yeutech.2",
				"babel-runtime": "~6.26.0",
				"classnames": "~2.2.5",
				"inflection": "~1.12.0",
				"lodash": "~4.17.5",
				"prop-types": "~15.6.1",
				"query-string": "~5.1.1",
				"react-intl": "^2.4.0",
				"react-redux": "~5.0.7",
				"react-router": "~4.2.0",
				"react-router-dom": "~4.2.2",
				"react-router-redux": "~5.0.0-alpha.9",
				"recompose": "~0.26.0",
				"redux": "~3.7.2",
				"redux-form": "~7.3.0",
				"redux-saga": "~0.16.0",
				"reselect": "~3.0.0",
				"warning": "~3.0.0"
			},
			"dependencies": {
				"query-string": {
					"version": "5.1.1",
					"resolved": "http://registry.npmjs.org/query-string/-/query-string-5.1.1.tgz",
					"integrity": "sha512-gjWOsm2SoGlgLEdAGt7a6slVOk9mGiXmPFMqrEhLQ68rhQuBnpfs3+EmlvqKyxnCo9/PPlF+9MtY02S1aFg+Jw==",
					"requires": {
						"decode-uri-component": "^0.2.0",
						"object-assign": "^4.1.0",
						"strict-uri-encode": "^1.0.0"
					}
				}
			}
		},
		"@yeutech/ra-language-intl": {
			"version": "2.0.0-RC2-yeutech.2",
			"resolved": "https://registry.npmjs.org/@yeutech/ra-language-intl/-/ra-language-intl-2.0.0-RC2-yeutech.2.tgz",
			"integrity": "sha512-bpVG3ufzWXRcCZZlAKOAIzOoETqHyukhYEJTvtm8UKQHCsiLKABOqEjinFPpg6RSoKI03d9IYTSNGo6MwVX0Ng=="
		},
		"@yeutech/ra-ui-materialui": {
			"version": "2.0.0-RC2-yeutech.2",
			"resolved": "https://registry.npmjs.org/@yeutech/ra-ui-materialui/-/ra-ui-materialui-2.0.0-RC2-yeutech.2.tgz",
			"integrity": "sha512-IGl75Byo07ceZ5GIzvHVcqJ02WwOF5zrGypIQnrK4CizPAFpZAoHAOGb2BF2j/nTILcEqPyFT/z7GpOPneHUKg==",
			"requires": {
				"@material-ui/icons": "1.0.0-beta.42",
				"@yeutech/ra-core": "^2.0.0-RC2-yeutech.2",
				"autosuggest-highlight": "^3.1.1",
				"classnames": "~2.2.5",
				"inflection": "~1.12.0",
				"lodash": "~4.17.5",
				"material-ui": "1.0.0-beta.42",
				"prop-types": "~15.6.1",
				"react-autosuggest": "^9.3.2",
				"react-dropzone": "~4.0.1",
				"react-redux": "~5.0.7",
				"react-router-dom": "~4.2.2",
				"react-transition-group": "^2.2.1",
				"recompose": "~0.26.0",
				"redux": "~3.7.2",
				"redux-form": "~7.3.0"
			}
		},
		"@yeutech/react-admin": {
			"version": "2.0.0-RC2-yeutech.2",
			"resolved": "https://registry.npmjs.org/@yeutech/react-admin/-/react-admin-2.0.0-RC2-yeutech.2.tgz",
			"integrity": "sha512-dfL8/hl6nQzRZEp/fSWArNrmxPLIwHIXpfvhUFfMWtEtuIzjTBQLBK6Mh6Xlz/O9Yriiu2Pdg7d6q2x5fIZGBg==",
			"requires": {
				"@yeutech/ra-core": "^2.0.0-RC2-yeutech.2",
				"@yeutech/ra-ui-materialui": "^2.0.0-RC2-yeutech.2"
			}
		},
		"asap": {
			"version": "2.0.6",
			"resolved": "https://registry.npmjs.org/asap/-/asap-2.0.6.tgz",
			"integrity": "sha1-5QNHYR1+aQlDIIu9r+vLwvuGbUY="
		},
		"attr-accept": {
			"version": "1.1.3",
			"resolved": "https://registry.npmjs.org/attr-accept/-/attr-accept-1.1.3.tgz",
			"integrity": "sha512-iT40nudw8zmCweivz6j58g+RT33I4KbaIvRUhjNmDwO2WmsQUxFEZZYZ5w3vXe5x5MX9D7mfvA/XaLOZYFR9EQ==",
			"requires": {
				"core-js": "^2.5.0"
			}
		},
		"autosuggest-highlight": {
			"version": "3.1.1",
			"resolved": "https://registry.npmjs.org/autosuggest-highlight/-/autosuggest-highlight-3.1.1.tgz",
			"integrity": "sha512-MQ6GNIGMMZbeA5FlBLXXgkZEthysCdYNkMV4MahB2/qB/9cwBnVsePUPnIqkMuzjzclTtDa67xln7cgLDu2f/g==",
			"requires": {
				"diacritic": "0.0.2"
			}
		},
		"babel-runtime": {
			"version": "6.26.0",
			"resolved": "https://registry.npmjs.org/babel-runtime/-/babel-runtime-6.26.0.tgz",
			"integrity": "sha1-llxwWGaOgrVde/4E/yM3vItWR/4=",
			"requires": {
				"core-js": "^2.4.0",
				"regenerator-runtime": "^0.11.0"
			}
		},
		"brcast": {
			"version": "3.0.1",
			"resolved": "https://registry.npmjs.org/brcast/-/brcast-3.0.1.tgz",
			"integrity": "sha512-eI3yqf9YEqyGl9PCNTR46MGvDylGtaHjalcz6Q3fAPnP/PhpKkkve52vFdfGpwp4VUvK6LUr4TQN+2stCrEwTg=="
		},
		"change-emitter": {
			"version": "0.1.6",
			"resolved": "https://registry.npmjs.org/change-emitter/-/change-emitter-0.1.6.tgz",
			"integrity": "sha1-6LL+PX8at9aaMhma/5HqaTFAlRU="
		},
		"classnames": {
			"version": "2.2.6",
			"resolved": "https://registry.npmjs.org/classnames/-/classnames-2.2.6.tgz",
			"integrity": "sha512-JR/iSQOSt+LQIWwrwEzJ9uk0xfN3mTVYMwt1Ir5mUcSN6pU+V4zQFFaJsclJbPuAUQH+yfWef6tm7l1quW3C8Q=="
		},
		"core-js": {
			"version": "2.6.0",
			"resolved": "https://registry.npmjs.org/core-js/-/core-js-2.6.0.tgz",
			"integrity": "sha512-kLRC6ncVpuEW/1kwrOXYX6KQASCVtrh1gQr/UiaVgFlf9WE5Vp+lNe5+h3LuMr5PAucWnnEXwH0nQHRH/gpGtw=="
		},
		"css-vendor": {
			"version": "0.3.8",
			"resolved": "https://registry.npmjs.org/css-vendor/-/css-vendor-0.3.8.tgz",
			"integrity": "sha1-ZCHP0wNM5mT+dnOXL9ARn8KJQfo=",
			"requires": {
				"is-in-browser": "^1.0.2"
			}
		},
		"csstype": {
			"version": "2.5.8",
			"resolved": "https://registry.npmjs.org/csstype/-/csstype-2.5.8.tgz",
			"integrity": "sha512-r4DbsyNJ7slwBSKoGesxDubRWJ71ghG8W2+1HcsDlAo12KGca9dDLv0u98tfdFw7ldBdoA7XmCnI6Q8LpAJXaQ=="
		},
		"decode-uri-component": {
			"version": "0.2.0",
			"resolved": "https://registry.npmjs.org/decode-uri-component/-/decode-uri-component-0.2.0.tgz",
			"integrity": "sha1-6zkTMzRYd1y4TNGh+uBiEGu4dUU="
		},
		"deep-equal": {
			"version": "1.0.1",
			"resolved": "https://registry.npmjs.org/deep-equal/-/deep-equal-1.0.1.tgz",
			"integrity": "sha1-9dJgKStmDghO/0zbyfCK0yR0SLU="
		},
		"deepmerge": {
			"version": "2.2.1",
			"resolved": "https://registry.npmjs.org/deepmerge/-/deepmerge-2.2.1.tgz",
			"integrity": "sha512-R9hc1Xa/NOBi9WRVUWg19rl1UB7Tt4kuPd+thNJgFZoxXsTz7ncaPaeIm+40oSGuP33DfMb4sZt1QIGiJzC4EA=="
		},
		"diacritic": {
			"version": "0.0.2",
			"resolved": "https://registry.npmjs.org/diacritic/-/diacritic-0.0.2.tgz",
			"integrity": "sha1-/CqIe1pbwKCoVPthTHwvIJBh7gQ="
		},
		"dom-helpers": {
			"version": "3.4.0",
			"resolved": "https://registry.npmjs.org/dom-helpers/-/dom-helpers-3.4.0.tgz",
			"integrity": "sha512-LnuPJ+dwqKDIyotW1VzmOZ5TONUN7CwkCR5hrgawTUbkBGYdeoNLZo6nNfGkCrjtE1nXXaj7iMMpDa8/d9WoIA==",
			"requires": {
				"@babel/runtime": "^7.1.2"
			}
		},
		"dom-walk": {
			"version": "0.1.1",
			"resolved": "https://registry.npmjs.org/dom-walk/-/dom-walk-0.1.1.tgz",
			"integrity": "sha1-ZyIm3HTI95mtNTB9+TaroRrNYBg="
		},
		"encoding": {
			"version": "0.1.12",
			"resolved": "https://registry.npmjs.org/encoding/-/encoding-0.1.12.tgz",
			"integrity": "sha1-U4tm8+5izRq1HsMjgp0flIDHS+s=",
			"requires": {
				"iconv-lite": "~0.4.13"
			}
		},
		"es6-error": {
			"version": "4.1.1",
			"resolved": "https://registry.npmjs.org/es6-error/-/es6-error-4.1.1.tgz",
			"integrity": "sha512-Um/+FxMr9CISWh0bi5Zv0iOD+4cFh5qLeks1qhAopKVAJw3drgKbKySikp7wGhDL0HPeaja0P5ULZrxLkniUVg=="
		},
		"fbjs": {
			"version": "0.8.17",
			"resolved": "https://registry.npmjs.org/fbjs/-/fbjs-0.8.17.tgz",
			"integrity": "sha1-xNWY6taUkRJlPWWIsBpc3Nn5D90=",
			"requires": {
				"core-js": "^1.0.0",
				"isomorphic-fetch": "^2.1.1",
				"loose-envify": "^1.0.0",
				"object-assign": "^4.1.0",
				"promise": "^7.1.1",
				"setimmediate": "^1.0.5",
				"ua-parser-js": "^0.7.18"
			},
			"dependencies": {
				"core-js": {
					"version": "1.2.7",
					"resolved": "http://registry.npmjs.org/core-js/-/core-js-1.2.7.tgz",
					"integrity": "sha1-ZSKUwUZR2yj6k70tX/KYOk8IxjY="
				}
			}
		},
		"global": {
			"version": "4.3.2",
			"resolved": "https://registry.npmjs.org/global/-/global-4.3.2.tgz",
			"integrity": "sha1-52mJJopsdMOJCLEwWxD8DjlOnQ8=",
			"requires": {
				"min-document": "^2.19.0",
				"process": "~0.5.1"
			}
		},
		"history": {
			"version": "4.7.2",
			"resolved": "https://registry.npmjs.org/history/-/history-4.7.2.tgz",
			"integrity": "sha512-1zkBRWW6XweO0NBcjiphtVJVsIQ+SXF29z9DVkceeaSLVMFXHool+fdCZD4spDCfZJCILPILc3bm7Bc+HRi0nA==",
			"requires": {
				"invariant": "^2.2.1",
				"loose-envify": "^1.2.0",
				"resolve-pathname": "^2.2.0",
				"value-equal": "^0.4.0",
				"warning": "^3.0.0"
			}
		},
		"hoist-non-react-statics": {
			"version": "2.5.5",
			"resolved": "https://registry.npmjs.org/hoist-non-react-statics/-/hoist-non-react-statics-2.5.5.tgz",
			"integrity": "sha512-rqcy4pJo55FTTLWt+bU8ukscqHeE/e9KWvsOW2b/a3afxQZhwkQdT1rPPCJ0rYXdj4vNcasY8zHTH+jF/qStxw=="
		},
		"hyphenate-style-name": {
			"version": "1.0.2",
			"resolved": "https://registry.npmjs.org/hyphenate-style-name/-/hyphenate-style-name-1.0.2.tgz",
			"integrity": "sha1-MRYKNpMK2vH8BMYHT360FGXU7Es="
		},
		"iconv-lite": {
			"version": "0.4.24",
			"resolved": "https://registry.npmjs.org/iconv-lite/-/iconv-lite-0.4.24.tgz",
			"integrity": "sha512-v3MXnZAcvnywkTUEZomIActle7RXXeedOR31wwl7VlyoXO4Qi9arvSenNQWne1TcRwhCL1HwLI21bEqdpj8/rA==",
			"requires": {
				"safer-buffer": ">= 2.1.2 < 3"
			}
		},
		"indefinite-observable": {
			"version": "1.0.2",
			"resolved": "https://registry.npmjs.org/indefinite-observable/-/indefinite-observable-1.0.2.tgz",
			"integrity": "sha512-Mps0898zEduHyPhb7UCgNmfzlqNZknVmaFz5qzr0mm04YQ5FGLhAyK/dJ+NaRxGyR6juQXIxh5Ev0xx+qq0nYA==",
			"requires": {
				"symbol-observable": "1.2.0"
			}
		},
		"inflection": {
			"version": "1.12.0",
			"resolved": "https://registry.npmjs.org/inflection/-/inflection-1.12.0.tgz",
			"integrity": "sha1-ogCTVlbW9fa8TcdQLhrstwMihBY="
		},
		"intl-format-cache": {
			"version": "2.1.0",
			"resolved": "https://registry.npmjs.org/intl-format-cache/-/intl-format-cache-2.1.0.tgz",
			"integrity": "sha1-BKNp/sv61tpgBbrh8UMzMy3PkxY="
		},
		"intl-messageformat": {
			"version": "2.2.0",
			"resolved": "https://registry.npmjs.org/intl-messageformat/-/intl-messageformat-2.2.0.tgz",
			"integrity": "sha1-NFvNRt5jC3aDMwwuUhd/9eq0hPw=",
			"requires": {
				"intl-messageformat-parser": "1.4.0"
			}
		},
		"intl-messageformat-parser": {
			"version": "1.4.0",
			"resolved": "https://registry.npmjs.org/intl-messageformat-parser/-/intl-messageformat-parser-1.4.0.tgz",
			"integrity": "sha1-tD1FqXRoytvkQzHXS7Ho3qRPwHU="
		},
		"intl-relativeformat": {
			"version": "2.1.0",
			"resolved": "https://registry.npmjs.org/intl-relativeformat/-/intl-relativeformat-2.1.0.tgz",
			"integrity": "sha1-AQ8RBYAiUfQKxH0OPhogE0iiVd8=",
			"requires": {
				"intl-messageformat": "^2.0.0"
			}
		},
		"invariant": {
			"version": "2.2.4",
			"resolved": "https://registry.npmjs.org/invariant/-/invariant-2.2.4.tgz",
			"integrity": "sha512-phJfQVBuaJM5raOpJjSfkiD6BpbCE4Ns//LaXl6wGYtUBY83nWS6Rf9tXm2e8VaK60JEjYldbPif/A2B1C2gNA==",
			"requires": {
				"loose-envify": "^1.0.0"
			}
		},
		"is-function": {
			"version": "1.0.1",
			"resolved": "https://registry.npmjs.org/is-function/-/is-function-1.0.1.tgz",
			"integrity": "sha1-Es+5i2W1fdPRk6MSH19uL0N2ArU="
		},
		"is-in-browser": {
			"version": "1.1.3",
			"resolved": "https://registry.npmjs.org/is-in-browser/-/is-in-browser-1.1.3.tgz",
			"integrity": "sha1-Vv9NtoOgeMYILrldrX3GLh0E+DU="
		},
		"is-plain-object": {
			"version": "2.0.4",
			"resolved": "https://registry.npmjs.org/is-plain-object/-/is-plain-object-2.0.4.tgz",
			"integrity": "sha512-h5PpgXkWitc38BBMYawTYMWJHFZJVnBquFE57xFpjB8pJFiF6gZ+bU+WyI/yqXiFR5mdLsgYNaPe8uao6Uv9Og==",
			"requires": {
				"isobject": "^3.0.1"
			}
		},
		"is-promise": {
			"version": "2.1.0",
			"resolved": "https://registry.npmjs.org/is-promise/-/is-promise-2.1.0.tgz",
			"integrity": "sha1-eaKp7OfwlugPNtKy87wWwf9L8/o="
		},
		"is-stream": {
			"version": "1.1.0",
			"resolved": "https://registry.npmjs.org/is-stream/-/is-stream-1.1.0.tgz",
			"integrity": "sha1-EtSj3U5o4Lec6428hBc66A2RykQ="
		},
		"isarray": {
			"version": "0.0.1",
			"resolved": "https://registry.npmjs.org/isarray/-/isarray-0.0.1.tgz",
			"integrity": "sha1-ihis/Kmo9Bd+Cav8YDiTmwXR7t8="
		},
		"isobject": {
			"version": "3.0.1",
			"resolved": "https://registry.npmjs.org/isobject/-/isobject-3.0.1.tgz",
			"integrity": "sha1-TkMekrEalzFjaqH5yNHMvP2reN8="
		},
		"isomorphic-fetch": {
			"version": "2.2.1",
			"resolved": "https://registry.npmjs.org/isomorphic-fetch/-/isomorphic-fetch-2.2.1.tgz",
			"integrity": "sha1-YRrhrPFPXoH3KVB0coGf6XM1WKk=",
			"requires": {
				"node-fetch": "^1.0.1",
				"whatwg-fetch": ">=0.10.0"
			}
		},
		"js-tokens": {
			"version": "4.0.0",
			"resolved": "https://registry.npmjs.org/js-tokens/-/js-tokens-4.0.0.tgz",
			"integrity": "sha512-RdJUflcE3cUzKiMqQgsCu06FPu9UdIJO0beYbPhHN4k6apgJtifcoCtT9bcxOpYBtpD2kCM6Sbzg4CausW/PKQ=="
		},
		"jss": {
			"version": "9.8.7",
			"resolved": "https://registry.npmjs.org/jss/-/jss-9.8.7.tgz",
			"integrity": "sha512-awj3XRZYxbrmmrx9LUSj5pXSUfm12m8xzi/VKeqI1ZwWBtQ0kVPTs3vYs32t4rFw83CgFDukA8wKzOE9sMQnoQ==",
			"requires": {
				"is-in-browser": "^1.1.3",
				"symbol-observable": "^1.1.0",
				"warning": "^3.0.0"
			}
		},
		"jss-camel-case": {
			"version": "6.1.0",
			"resolved": "https://registry.npmjs.org/jss-camel-case/-/jss-camel-case-6.1.0.tgz",
			"integrity": "sha512-HPF2Q7wmNW1t79mCqSeU2vdd/vFFGpkazwvfHMOhPlMgXrJDzdj9viA2SaHk9ZbD5pfL63a8ylp4++irYbbzMQ==",
			"requires": {
				"hyphenate-style-name": "^1.0.2"
			}
		},
		"jss-compose": {
			"version": "5.0.0",
			"resolved": "https://registry.npmjs.org/jss-compose/-/jss-compose-5.0.0.tgz",
			"integrity": "sha512-YofRYuiA0+VbeOw0VjgkyO380sA4+TWDrW52nSluD9n+1FWOlDzNbgpZ/Sb3Y46+DcAbOS21W5jo6SAqUEiuwA==",
			"requires": {
				"warning": "^3.0.0"
			}
		},
		"jss-default-unit": {
			"version": "8.0.2",
			"resolved": "https://registry.npmjs.org/jss-default-unit/-/jss-default-unit-8.0.2.tgz",
			"integrity": "sha512-WxNHrF/18CdoAGw2H0FqOEvJdREXVXLazn7PQYU7V6/BWkCV0GkmWsppNiExdw8dP4TU1ma1dT9zBNJ95feLmg=="
		},
		"jss-expand": {
			"version": "5.3.0",
			"resolved": "https://registry.npmjs.org/jss-expand/-/jss-expand-5.3.0.tgz",
			"integrity": "sha512-NiM4TbDVE0ykXSAw6dfFmB1LIqXP/jdd0ZMnlvlGgEMkMt+weJIl8Ynq1DsuBY9WwkNyzWktdqcEW2VN0RAtQg=="
		},
		"jss-extend": {
			"version": "6.2.0",
			"resolved": "https://registry.npmjs.org/jss-extend/-/jss-extend-6.2.0.tgz",
			"integrity": "sha512-YszrmcB6o9HOsKPszK7NeDBNNjVyiW864jfoiHoMlgMIg2qlxKw70axZHqgczXHDcoyi/0/ikP1XaHDPRvYtEA==",
			"requires": {
				"warning": "^3.0.0"
			}
		},
		"jss-global": {
			"version": "3.0.0",
			"resolved": "https://registry.npmjs.org/jss-global/-/jss-global-3.0.0.tgz",
			"integrity": "sha512-wxYn7vL+TImyQYGAfdplg7yaxnPQ9RaXY/cIA8hawaVnmmWxDHzBK32u1y+RAvWboa3lW83ya3nVZ/C+jyjZ5Q=="
		},
		"jss-nested": {
			"version": "6.0.1",
			"resolved": "https://registry.npmjs.org/jss-nested/-/jss-nested-6.0.1.tgz",
			"integrity": "sha512-rn964TralHOZxoyEgeq3hXY8hyuCElnvQoVrQwKHVmu55VRDd6IqExAx9be5HgK0yN/+hQdgAXQl/GUrBbbSTA==",
			"requires": {
				"warning": "^3.0.0"
			}
		},
		"jss-preset-default": {
			"version": "4.5.0",
			"resolved": "https://registry.npmjs.org/jss-preset-default/-/jss-preset-default-4.5.0.tgz",
			"integrity": "sha512-qZbpRVtHT7hBPpZEBPFfafZKWmq3tA/An5RNqywDsZQGrlinIF/mGD9lmj6jGqu8GrED2SMHZ3pPKLmjCZoiaQ==",
			"requires": {
				"jss-camel-case": "^6.1.0",
				"jss-compose": "^5.0.0",
				"jss-default-unit": "^8.0.2",
				"jss-expand": "^5.3.0",
				"jss-extend": "^6.2.0",
				"jss-global": "^3.0.0",
				"jss-nested": "^6.0.1",
				"jss-props-sort": "^6.0.0",
				"jss-template": "^1.0.1",
				"jss-vendor-prefixer": "^7.0.0"
			}
		},
		"jss-props-sort": {
			"version": "6.0.0",
			"resolved": "https://registry.npmjs.org/jss-props-sort/-/jss-props-sort-6.0.0.tgz",
			"integrity": "sha512-E89UDcrphmI0LzmvYk25Hp4aE5ZBsXqMWlkFXS0EtPkunJkRr+WXdCNYbXbksIPnKlBenGB9OxzQY+mVc70S+g=="
		},
		"jss-template": {
			"version": "1.0.1",
			"resolved": "https://registry.npmjs.org/jss-template/-/jss-template-1.0.1.tgz",
			"integrity": "sha512-m5BqEWha17fmIVXm1z8xbJhY6GFJxNB9H68GVnCWPyGYfxiAgY9WTQyvDAVj+pYRgrXSOfN5V1T4+SzN1sJTeg==",
			"requires": {
				"warning": "^3.0.0"
			}
		},
		"jss-vendor-prefixer": {
			"version": "7.0.0",
			"resolved": "https://registry.npmjs.org/jss-vendor-prefixer/-/jss-vendor-prefixer-7.0.0.tgz",
			"integrity": "sha512-Agd+FKmvsI0HLcYXkvy8GYOw3AAASBUpsmIRvVQheps+JWaN892uFOInTr0DRydwaD91vSSUCU4NssschvF7MA==",
			"requires": {
				"css-vendor": "^0.3.8"
			}
		},
		"keycode": {
			"version": "2.2.0",
			"resolved": "https://registry.npmjs.org/keycode/-/keycode-2.2.0.tgz",
			"integrity": "sha1-PQr1bce4uOXLqNCpfxByBO7CKwQ="
		},
		"lodash": {
			"version": "4.17.11",
			"resolved": "https://registry.npmjs.org/lodash/-/lodash-4.17.11.tgz",
			"integrity": "sha512-cQKh8igo5QUhZ7lg38DYWAxMvjSAKG0A8wGSVimP07SIUEK2UO+arSRKbRZWtelMtN5V0Hkwh5ryOto/SshYIg=="
		},
		"lodash-es": {
			"version": "4.17.11",
			"resolved": "https://registry.npmjs.org/lodash-es/-/lodash-es-4.17.11.tgz",
			"integrity": "sha512-DHb1ub+rMjjrxqlB3H56/6MXtm1lSksDp2rA2cNWjG8mlDUYFhUj3Di2Zn5IwSU87xLv8tNIQ7sSwE/YOX/D/Q=="
		},
		"loose-envify": {
			"version": "1.4.0",
			"resolved": "https://registry.npmjs.org/loose-envify/-/loose-envify-1.4.0.tgz",
			"integrity": "sha512-lyuxPGr/Wfhrlem2CL/UcnUc1zcqKAImBDzukY7Y5F/yQiNdko6+fRLevlw1HgMySw7f611UIY408EtxRSoK3Q==",
			"requires": {
				"js-tokens": "^3.0.0 || ^4.0.0"
			}
		},
		"material-ui": {
			"version": "1.0.0-beta.42",
			"resolved": "https://registry.npmjs.org/material-ui/-/material-ui-1.0.0-beta.42.tgz",
			"integrity": "sha512-b8eniowlv5dKU5eyrCnh9SP/NXxm2QE/kECvv+QNhkvDFdSL8QPmOTJjP2ytF1ghapRwJal+Ld2tBt+gKng/DA==",
			"requires": {
				"@types/jss": "^9.3.0",
				"@types/react-transition-group": "^2.0.8",
				"babel-runtime": "^6.26.0",
				"brcast": "^3.0.1",
				"classnames": "^2.2.5",
				"deepmerge": "^2.0.1",
				"dom-helpers": "^3.2.1",
				"hoist-non-react-statics": "^2.5.0",
				"jss": "^9.3.3",
				"jss-camel-case": "^6.0.0",
				"jss-default-unit": "^8.0.2",
				"jss-global": "^3.0.0",
				"jss-nested": "^6.0.1",
				"jss-props-sort": "^6.0.0",
				"jss-vendor-prefixer": "^7.0.0",
				"keycode": "^2.1.9",
				"lodash": "^4.2.0",
				"normalize-scroll-left": "^0.1.2",
				"prop-types": "^15.6.0",
				"react-event-listener": "^0.5.1",
				"react-jss": "^8.1.0",
				"react-lifecycles-compat": "^2.0.0",
				"react-popper": "^0.10.0",
				"react-scrollbar-size": "^2.0.2",
				"react-transition-group": "^2.2.1",
				"recompose": "^0.26.0",
				"scroll": "^2.0.3",
				"warning": "^3.0.0"
			}
		},
		"min-document": {
			"version": "2.19.0",
			"resolved": "https://registry.npmjs.org/min-document/-/min-document-2.19.0.tgz",
			"integrity": "sha1-e9KC4/WELtKVu3SM3Z8f+iyCRoU=",
			"requires": {
				"dom-walk": "^0.1.0"
			}
		},
		"node-fetch": {
			"version": "1.7.3",
			"resolved": "https://registry.npmjs.org/node-fetch/-/node-fetch-1.7.3.tgz",
			"integrity": "sha512-NhZ4CsKx7cYm2vSrBAr2PvFOe6sWDf0UYLRqA6svUYg7+/TSfVAu49jYC4BvQ4Sms9SZgdqGBgroqfDhJdTyKQ==",
			"requires": {
				"encoding": "^0.1.11",
				"is-stream": "^1.0.1"
			}
		},
		"normalize-scroll-left": {
			"version": "0.1.2",
			"resolved": "https://registry.npmjs.org/normalize-scroll-left/-/normalize-scroll-left-0.1.2.tgz",
			"integrity": "sha512-F9YMRls0zCF6BFIE2YnXDRpHPpfd91nOIaNdDgrx5YMoPLo8Wqj+6jNXHQsYBavJeXP4ww8HCt0xQAKc5qk2Fg=="
		},
		"object-assign": {
			"version": "4.1.1",
			"resolved": "https://registry.npmjs.org/object-assign/-/object-assign-4.1.1.tgz",
			"integrity": "sha1-IQmtx5ZYh8/AXLvUQsrIv7s2CGM="
		},
		"path-to-regexp": {
			"version": "1.7.0",
			"resolved": "https://registry.npmjs.org/path-to-regexp/-/path-to-regexp-1.7.0.tgz",
			"integrity": "sha1-Wf3g9DW62suhA6hOnTvGTpa5k30=",
			"requires": {
				"isarray": "0.0.1"
			}
		},
		"popper.js": {
			"version": "1.14.6",
			"resolved": "https://registry.npmjs.org/popper.js/-/popper.js-1.14.6.tgz",
			"integrity": "sha512-AGwHGQBKumlk/MDfrSOf0JHhJCImdDMcGNoqKmKkU+68GFazv3CQ6q9r7Ja1sKDZmYWTckY/uLyEznheTDycnA=="
		},
		"process": {
			"version": "0.5.2",
			"resolved": "https://registry.npmjs.org/process/-/process-0.5.2.tgz",
			"integrity": "sha1-FjjYqONML0QKkduVq5rrZ3/Bhc8="
		},
		"promise": {
			"version": "7.3.1",
			"resolved": "https://registry.npmjs.org/promise/-/promise-7.3.1.tgz",
			"integrity": "sha512-nolQXZ/4L+bP/UGlkfaIujX9BKxGwmQ9OT4mOt5yvy8iK1h3wqTEJCijzGANTCCl9nWjY41juyAn2K3Q1hLLTg==",
			"requires": {
				"asap": "~2.0.3"
			}
		},
		"prop-types": {
			"version": "15.6.2",
			"resolved": "https://registry.npmjs.org/prop-types/-/prop-types-15.6.2.tgz",
			"integrity": "sha512-3pboPvLiWD7dkI3qf3KbUe6hKFKa52w+AE0VCqECtf+QHAKgOL37tTaNCnuX1nAAQ4ZhyP+kYVKf8rLmJ/feDQ==",
			"requires": {
				"loose-envify": "^1.3.1",
				"object-assign": "^4.1.1"
			}
		},
		"query-string": {
			"version": "6.2.0",
			"resolved": "https://registry.npmjs.org/query-string/-/query-string-6.2.0.tgz",
			"integrity": "sha512-5wupExkIt8RYL4h/FE+WTg3JHk62e6fFPWtAZA9J5IWK1PfTfKkMS93HBUHcFpeYi9KsY5pFbh+ldvEyaz5MyA==",
			"requires": {
				"decode-uri-component": "^0.2.0",
				"strict-uri-encode": "^2.0.0"
			},
			"dependencies": {
				"strict-uri-encode": {
					"version": "2.0.0",
					"resolved": "https://registry.npmjs.org/strict-uri-encode/-/strict-uri-encode-2.0.0.tgz",
					"integrity": "sha1-ucczDHBChi9rFC3CdLvMWGbONUY="
				}
			}
		},
		"rafl": {
			"version": "1.2.2",
			"resolved": "https://registry.npmjs.org/rafl/-/rafl-1.2.2.tgz",
			"integrity": "sha1-/pMPdYIRAg1H44gV9Rlqi+QVB0A=",
			"requires": {
				"global": "~4.3.0"
			}
		},
		"react-autosuggest": {
			"version": "9.4.2",
			"resolved": "https://registry.npmjs.org/react-autosuggest/-/react-autosuggest-9.4.2.tgz",
			"integrity": "sha512-GkLFnr+79DtDFMNxbjKzTKEwOfItw2mKiCNTD3bE+gZSPf5Y+i+W+8KySmBnDWFPF5cuJeuBhQBgcSdbp45nAg==",
			"requires": {
				"prop-types": "^15.5.10",
				"react-autowhatever": "^10.1.2",
				"shallow-equal": "^1.0.0"
			}
		},
		"react-autowhatever": {
			"version": "10.2.0",
			"resolved": "https://registry.npmjs.org/react-autowhatever/-/react-autowhatever-10.2.0.tgz",
			"integrity": "sha512-dqHH4uqiJldPMbL8hl/i2HV4E8FMTDEdVlOIbRqYnJi0kTpWseF9fJslk/KS9pGDnm80JkYzVI+nzFjnOG/u+g==",
			"requires": {
				"prop-types": "^15.5.8",
				"react-themeable": "^1.1.0",
				"section-iterator": "^2.0.0"
			}
		},
		"react-dropzone": {
			"version": "4.0.1",
			"resolved": "https://registry.npmjs.org/react-dropzone/-/react-dropzone-4.0.1.tgz",
			"integrity": "sha1-TXHW8PxdesilDfpGWCyW/jWuPKQ=",
			"requires": {
				"attr-accept": "^1.0.3",
				"prop-types": "^15.5.7"
			}
		},
		"react-event-listener": {
			"version": "0.5.10",
			"resolved": "https://registry.npmjs.org/react-event-listener/-/react-event-listener-0.5.10.tgz",
			"integrity": "sha512-YZklRszh9hq3WP3bdNLjFwJcTCVe7qyTf5+LWNaHfZQaZrptsefDK2B5HHpOsEEaMHvjllUPr0+qIFVTSsurow==",
			"requires": {
				"@babel/runtime": "7.0.0-beta.42",
				"fbjs": "^0.8.16",
				"prop-types": "^15.6.0",
				"warning": "^3.0.0"
			},
			"dependencies": {
				"@babel/runtime": {
					"version": "7.0.0-beta.42",
					"resolved": "http://registry.npmjs.org/@babel/runtime/-/runtime-7.0.0-beta.42.tgz",
					"integrity": "sha512-iOGRzUoONLOtmCvjUsZv3mZzgCT6ljHQY5fr1qG1QIiJQwtM7zbPWGGpa3QWETq+UqwWyJnoi5XZDZRwZDFciQ==",
					"requires": {
						"core-js": "^2.5.3",
						"regenerator-runtime": "^0.11.1"
					}
				}
			}
		},
		"react-intl": {
			"version": "2.7.2",
			"resolved": "https://registry.npmjs.org/react-intl/-/react-intl-2.7.2.tgz",
			"integrity": "sha512-3dcNGLqEw2FKkX+1L2WYLgjP0MVJkvWuVd1uLcnwifIQe8JQvnd9Bss4hb4Gvg/YhBIRcs4LM6C2bAgyklucjw==",
			"requires": {
				"hoist-non-react-statics": "^2.5.5",
				"intl-format-cache": "^2.0.5",
				"intl-messageformat": "^2.1.0",
				"intl-relativeformat": "^2.1.0",
				"invariant": "^2.1.1"
			}
		},
		"react-jss": {
			"version": "8.6.1",
			"resolved": "https://registry.npmjs.org/react-jss/-/react-jss-8.6.1.tgz",
			"integrity": "sha512-SH6XrJDJkAphp602J14JTy3puB2Zxz1FkM3bKVE8wON+va99jnUTKWnzGECb3NfIn9JPR5vHykge7K3/A747xQ==",
			"requires": {
				"hoist-non-react-statics": "^2.5.0",
				"jss": "^9.7.0",
				"jss-preset-default": "^4.3.0",
				"prop-types": "^15.6.0",
				"theming": "^1.3.0"
			}
		},
		"react-lifecycles-compat": {
			"version": "2.0.2",
			"resolved": "https://registry.npmjs.org/react-lifecycles-compat/-/react-lifecycles-compat-2.0.2.tgz",
			"integrity": "sha512-BPksUj7VMAAFhcCw79sZA0Ow/LTAEjs3Sio1AQcuwLeOP+ua0f/08Su2wyiW+JjDDH6fRqNy3h5CLXh21u1mVg=="
		},
		"react-popper": {
			"version": "0.10.4",
			"resolved": "https://registry.npmjs.org/react-popper/-/react-popper-0.10.4.tgz",
			"integrity": "sha1-rypBXqIike3VBGeNev2opu4ylao=",
			"requires": {
				"popper.js": "^1.14.1",
				"prop-types": "^15.6.1"
			}
		},
		"react-redux": {
			"version": "5.0.7",
			"resolved": "http://registry.npmjs.org/react-redux/-/react-redux-5.0.7.tgz",
			"integrity": "sha512-5VI8EV5hdgNgyjfmWzBbdrqUkrVRKlyTKk1sGH3jzM2M2Mhj/seQgPXaz6gVAj2lz/nz688AdTqMO18Lr24Zhg==",
			"requires": {
				"hoist-non-react-statics": "^2.5.0",
				"invariant": "^2.0.0",
				"lodash": "^4.17.5",
				"lodash-es": "^4.17.5",
				"loose-envify": "^1.1.0",
				"prop-types": "^15.6.0"
			}
		},
		"react-router": {
			"version": "4.2.0",
			"resolved": "https://registry.npmjs.org/react-router/-/react-router-4.2.0.tgz",
			"integrity": "sha512-DY6pjwRhdARE4TDw7XjxjZsbx9lKmIcyZoZ+SDO7SBJ1KUeWNxT22Kara2AC7u6/c2SYEHlEDLnzBCcNhLE8Vg==",
			"requires": {
				"history": "^4.7.2",
				"hoist-non-react-statics": "^2.3.0",
				"invariant": "^2.2.2",
				"loose-envify": "^1.3.1",
				"path-to-regexp": "^1.7.0",
				"prop-types": "^15.5.4",
				"warning": "^3.0.0"
			}
		},
		"react-router-dom": {
			"version": "4.2.2",
			"resolved": "https://registry.npmjs.org/react-router-dom/-/react-router-dom-4.2.2.tgz",
			"integrity": "sha512-cHMFC1ZoLDfEaMFoKTjN7fry/oczMgRt5BKfMAkTu5zEuJvUiPp1J8d0eXSVTnBh6pxlbdqDhozunOOLtmKfPA==",
			"requires": {
				"history": "^4.7.2",
				"invariant": "^2.2.2",
				"loose-envify": "^1.3.1",
				"prop-types": "^15.5.4",
				"react-router": "^4.2.0",
				"warning": "^3.0.0"
			}
		},
		"react-router-redux": {
			"version": "5.0.0-alpha.9",
			"resolved": "https://registry.npmjs.org/react-router-redux/-/react-router-redux-5.0.0-alpha.9.tgz",
			"integrity": "sha512-euSgNIANnRXr4GydIuwA7RZCefrLQzIw5WdXspS8NPYbV+FxrKSS9MKG7U9vb6vsKHONnA4VxrVNWfnMUnUQAw==",
			"requires": {
				"history": "^4.7.2",
				"prop-types": "^15.6.0",
				"react-router": "^4.2.0"
			}
		},
		"react-scrollbar-size": {
			"version": "2.1.0",
			"resolved": "https://registry.npmjs.org/react-scrollbar-size/-/react-scrollbar-size-2.1.0.tgz",
			"integrity": "sha512-9dDUJvk7S48r0TRKjlKJ9e/LkLLYgc9LdQR6W21I8ZqtSrEsedPOoMji4nU3DHy7fx2l8YMScJS/N7qiloYzXQ==",
			"requires": {
				"babel-runtime": "^6.26.0",
				"prop-types": "^15.6.0",
				"react-event-listener": "^0.5.1",
				"stifle": "^1.0.2"
			}
		},
		"react-themeable": {
			"version": "1.1.0",
			"resolved": "https://registry.npmjs.org/react-themeable/-/react-themeable-1.1.0.tgz",
			"integrity": "sha1-fURm3ZsrX6dQWHJ4JenxUro3mg4=",
			"requires": {
				"object-assign": "^3.0.0"
			},
			"dependencies": {
				"object-assign": {
					"version": "3.0.0",
					"resolved": "https://registry.npmjs.org/object-assign/-/object-assign-3.0.0.tgz",
					"integrity": "sha1-m+3VygiXlJvKR+f/QIBi1Un1h/I="
				}
			}
		},
		"react-transition-group": {
			"version": "2.5.1",
			"resolved": "https://registry.npmjs.org/react-transition-group/-/react-transition-group-2.5.1.tgz",
			"integrity": "sha512-8x/CxUL9SjYFmUdzsBPTgtKeCxt7QArjNSte0wwiLtF/Ix/o1nWNJooNy5o9XbHIKS31pz7J5VF2l41TwlvbHQ==",
			"requires": {
				"dom-helpers": "^3.3.1",
				"loose-envify": "^1.4.0",
				"prop-types": "^15.6.2",
				"react-lifecycles-compat": "^3.0.4"
			},
			"dependencies": {
				"react-lifecycles-compat": {
					"version": "3.0.4",
					"resolved": "https://registry.npmjs.org/react-lifecycles-compat/-/react-lifecycles-compat-3.0.4.tgz",
					"integrity": "sha512-fBASbA6LnOU9dOU2eW7aQ8xmYBSXUIWr+UmF9b1efZBazGNO+rcXT/icdKnYm2pTwcRylVUYwW7H1PHfLekVzA=="
				}
			}
		},
		"recompose": {
			"version": "0.26.0",
			"resolved": "https://registry.npmjs.org/recompose/-/recompose-0.26.0.tgz",
			"integrity": "sha512-KwOu6ztO0mN5vy3+zDcc45lgnaUoaQse/a5yLVqtzTK13czSWnFGmXbQVmnoMgDkI5POd1EwIKSbjU1V7xdZog==",
			"requires": {
				"change-emitter": "^0.1.2",
				"fbjs": "^0.8.1",
				"hoist-non-react-statics": "^2.3.1",
				"symbol-observable": "^1.0.4"
			}
		},
		"redux": {
			"version": "3.7.2",
			"resolved": "https://registry.npmjs.org/redux/-/redux-3.7.2.tgz",
			"integrity": "sha512-pNqnf9q1hI5HHZRBkj3bAngGZW/JMCmexDlOxw4XagXY2o1327nHH54LoTjiPJ0gizoqPDRqWyX/00g0hD6w+A==",
			"requires": {
				"lodash": "^4.2.1",
				"lodash-es": "^4.2.1",
				"loose-envify": "^1.1.0",
				"symbol-observable": "^1.0.3"
			}
		},
		"redux-form": {
			"version": "7.3.0",
			"resolved": "http://registry.npmjs.org/redux-form/-/redux-form-7.3.0.tgz",
			"integrity": "sha512-WcZRsRsVG25l8Cih3bEeeoZFxSIvoHqTpBRe5Ifl1ob7xvEpYLXyYYHAFER1DpTfMZPgTPHZ4UkR4ILFP3hzkw==",
			"requires": {
				"deep-equal": "^1.0.1",
				"es6-error": "^4.1.1",
				"hoist-non-react-statics": "^2.5.0",
				"invariant": "^2.2.3",
				"is-promise": "^2.1.0",
				"lodash": "^4.17.5",
				"lodash-es": "^4.17.5",
				"prop-types": "^15.6.1"
			}
		},
		"redux-saga": {
			"version": "0.16.2",
			"resolved": "https://registry.npmjs.org/redux-saga/-/redux-saga-0.16.2.tgz",
			"integrity": "sha512-iIjKnRThI5sKPEASpUvySemjzwqwI13e3qP7oLub+FycCRDysLSAOwt958niZW6LhxfmS6Qm1BzbU70w/Koc4w=="
		},
		"regenerator-runtime": {
			"version": "0.11.1",
			"resolved": "https://registry.npmjs.org/regenerator-runtime/-/regenerator-runtime-0.11.1.tgz",
			"integrity": "sha512-MguG95oij0fC3QV3URf4V2SDYGJhJnJGqvIIgdECeODCT98wSWDAJ94SSuVpYQUoTcGUIL6L4yNB7j1DFFHSBg=="
		},
		"reselect": {
			"version": "3.0.1",
			"resolved": "https://registry.npmjs.org/reselect/-/reselect-3.0.1.tgz",
			"integrity": "sha1-79qpjqdFEyTQkrKyFjpqHXqaIUc="
		},
		"resolve-pathname": {
			"version": "2.2.0",
			"resolved": "https://registry.npmjs.org/resolve-pathname/-/resolve-pathname-2.2.0.tgz",
			"integrity": "sha512-bAFz9ld18RzJfddgrO2e/0S2O81710++chRMUxHjXOYKF6jTAMrUNZrEZ1PvV0zlhfjidm08iRPdTLPno1FuRg=="
		},
		"safer-buffer": {
			"version": "2.1.2",
			"resolved": "https://registry.npmjs.org/safer-buffer/-/safer-buffer-2.1.2.tgz",
			"integrity": "sha512-YZo3K82SD7Riyi0E1EQPojLz7kpepnSQI9IyPbHHg1XXXevb5dJI7tpyN2ADxGcQbHG7vcyRHk0cbwqcQriUtg=="
		},
		"scroll": {
			"version": "2.0.3",
			"resolved": "https://registry.npmjs.org/scroll/-/scroll-2.0.3.tgz",
			"integrity": "sha512-3ncZzf8gUW739h3LeS68nSssO60O+GGjT3SxzgofQmT8PIoyHzebql9HHPJopZX8iT6TKOdwaWFMqL6LzUN3DQ==",
			"requires": {
				"rafl": "~1.2.1"
			}
		},
		"section-iterator": {
			"version": "2.0.0",
			"resolved": "https://registry.npmjs.org/section-iterator/-/section-iterator-2.0.0.tgz",
			"integrity": "sha1-v0RNev7rlK1Dw5rS+yYVFifMuio="
		},
		"setimmediate": {
			"version": "1.0.5",
			"resolved": "https://registry.npmjs.org/setimmediate/-/setimmediate-1.0.5.tgz",
			"integrity": "sha1-KQy7Iy4waULX1+qbg3Mqt4VvgoU="
		},
		"shallow-equal": {
			"version": "1.0.0",
			"resolved": "https://registry.npmjs.org/shallow-equal/-/shallow-equal-1.0.0.tgz",
			"integrity": "sha1-UI0YOLPeWQq4dXsBGyXkMJAJRfc="
		},
		"stifle": {
			"version": "1.1.0",
			"resolved": "https://registry.npmjs.org/stifle/-/stifle-1.1.0.tgz",
			"integrity": "sha1-FoC13p3gQHQWT0rA/n0022tvcik="
		},
		"strict-uri-encode": {
			"version": "1.1.0",
			"resolved": "https://registry.npmjs.org/strict-uri-encode/-/strict-uri-encode-1.1.0.tgz",
			"integrity": "sha1-J5siXfHVgrH1TmWt3UNS4Y+qBxM="
		},
		"symbol-observable": {
			"version": "1.2.0",
			"resolved": "https://registry.npmjs.org/symbol-observable/-/symbol-observable-1.2.0.tgz",
			"integrity": "sha512-e900nM8RRtGhlV36KGEU9k65K3mPb1WV70OdjfxlG2EAuM1noi/E/BaW/uMhL7bPEssK8QV57vN3esixjUvcXQ=="
		},
		"theming": {
			"version": "1.3.0",
			"resolved": "https://registry.npmjs.org/theming/-/theming-1.3.0.tgz",
			"integrity": "sha512-ya5Ef7XDGbTPBv5ENTwrwkPUexrlPeiAg/EI9kdlUAZhNlRbCdhMKRgjNX1IcmsmiPcqDQZE6BpSaH+cr31FKw==",
			"requires": {
				"brcast": "^3.0.1",
				"is-function": "^1.0.1",
				"is-plain-object": "^2.0.1",
				"prop-types": "^15.5.8"
			}
		},
		"ua-parser-js": {
			"version": "0.7.19",
			"resolved": "https://registry.npmjs.org/ua-parser-js/-/ua-parser-js-0.7.19.tgz",
			"integrity": "sha512-T3PVJ6uz8i0HzPxOF9SWzWAlfN/DavlpQqepn22xgve/5QecC+XMCAtmUNnY7C9StehaV6exjUCI801lOI7QlQ=="
		},
		"value-equal": {
			"version": "0.4.0",
			"resolved": "https://registry.npmjs.org/value-equal/-/value-equal-0.4.0.tgz",
			"integrity": "sha512-x+cYdNnaA3CxvMaTX0INdTCN8m8aF2uY9BvEqmxuYp8bL09cs/kWVQPVGcA35fMktdOsP69IgU7wFj/61dJHEw=="
		},
		"warning": {
			"version": "3.0.0",
			"resolved": "https://registry.npmjs.org/warning/-/warning-3.0.0.tgz",
			"integrity": "sha1-MuU3fLVy3kqwR1O9+IIcAe1gW3w=",
			"requires": {
				"loose-envify": "^1.0.0"
			}
		},
		"whatwg-fetch": {
			"version": "3.0.0",
			"resolved": "https://registry.npmjs.org/whatwg-fetch/-/whatwg-fetch-3.0.0.tgz",
			"integrity": "sha512-9GSJUgz1D4MfyKU7KRqwOjXCXTqWdFNvEr7eUBYchQiVc744mqK/MzXPNR2WsPkmkOa4ywfg8C2n8h+13Bey1Q=="
		}
	}
}
